
Microsoft Visual Studio Solution File, Format Version 12.00
# Visual Studio Version 16
VisualStudioVersion = 16.0.30711.63
MinimumVisualStudioVersion = 10.0.40219.1
Project("{9A19103F-16F7-4668-BE54-9A1E7A4F7556}") = "SproutExam.Service", "SproutExam.Service\SproutExam.Service.csproj", "{A8516830-A43F-459B-9529-B8C8FA145464}"
EndProject
Project("{9A19103F-16F7-4668-BE54-9A1E7A4F7556}") = "SproutExam.Common", "SproutExam.Common\SproutExam.Common.csproj", "{821310F4-25A7-4CE8-B8AF-010DC1D75823}"
EndProject
Project("{9A19103F-16F7-4668-BE54-9A1E7A4F7556}") = "SproutExam.DataAccess", "SproutExam.DataAccess\SproutExam.DataAccess.csproj", "{D0F9E5FE-E634-4BF6-BFBB-38E56ACC5083}"
EndProject
Project("{FAE04EC0-301F-11D3-BF4B-00C04F79EFBC}") = "SproutExam.Web", "SproutExam.Web\SproutExam.Web.csproj", "{4087371B-03D2-496A-8F5C-2E2596F04C00}"
EndProject
Project("{FAE04EC0-301F-11D3-BF4B-00C04F79EFBC}") = "SproutExam.Service.Tests", "SproutExam.Service.Tests\SproutExam.Service.Tests.csproj", "{376B53F5-87FC-4BF1-A9F7-D99A4A2C47B7}"
EndProject
Global
	GlobalSection(SolutionConfigurationPlatforms) = preSolution
		Debug|Any CPU = Debug|Any CPU
		Release|Any CPU = Release|Any CPU
	EndGlobalSection
	GlobalSection(ProjectConfigurationPlatforms) = postSolution
		{A8516830-A43F-459B-9529-B8C8FA145464}.Debug|Any CPU.ActiveCfg = Debug|Any CPU
		{A8516830-A43F-459B-9529-B8C8FA145464}.Debug|Any CPU.Build.0 = Debug|Any CPU
		{A8516830-A43F-459B-9529-B8C8FA145464}.Release|Any CPU.ActiveCfg = Release|Any CPU
		{A8516830-A43F-459B-9529-B8C8FA145464}.Release|Any CPU.Build.0 = Release|Any CPU
		{821310F4-25A7-4CE8-B8AF-010DC1D75823}.Debug|Any CPU.ActiveCfg = Debug|Any CPU
		{821310F4-25A7-4CE8-B8AF-010DC1D75823}.Debug|Any CPU.Build.0 = Debug|Any CPU
		{821310F4-25A7-4CE8-B8AF-010DC1D75823}.Release|Any CPU.ActiveCfg = Release|Any CPU
		{821310F4-25A7-4CE8-B8AF-010DC1D75823}.Release|Any CPU.Build.0 = Release|Any CPU
		{D0F9E5FE-E634-4BF6-BFBB-38E56ACC5083}.Debug|Any CPU.ActiveCfg = Debug|Any CPU
		{D0F9E5FE-E634-4BF6-BFBB-38E56ACC5083}.Debug|Any CPU.Build.0 = Debug|Any CPU
		{D0F9E5FE-E634-4BF6-BFBB-38E56ACC5083}.Release|Any CPU.ActiveCfg = Release|Any CPU
		{D0F9E5FE-E634-4BF6-BFBB-38E56ACC5083}.Release|Any CPU.Build.0 = Release|Any CPU
		{4087371B-03D2-496A-8F5C-2E2596F04C00}.Debug|Any CPU.ActiveCfg = Debug|Any CPU
		{4087371B-03D2-496A-8F5C-2E2596F04C00}.Debug|Any CPU.Build.0 = Debug|Any CPU
		{4087371B-03D2-496A-8F5C-2E2596F04C00}.Release|Any CPU.ActiveCfg = Release|Any CPU
		{4087371B-03D2-496A-8F5C-2E2596F04C00}.Release|Any CPU.Build.0 = Release|Any CPU
		{376B53F5-87FC-4BF1-A9F7-D99A4A2C47B7}.Debug|Any CPU.ActiveCfg = Debug|Any CPU
		{376B53F5-87FC-4BF1-A9F7-D99A4A2C47B7}.Debug|Any CPU.Build.0 = Debug|Any CPU
		{376B53F5-87FC-4BF1-A9F7-D99A4A2C47B7}.Release|Any CPU.ActiveCfg = Release|Any CPU
		{376B53F5-87FC-4BF1-A9F7-D99A4A2C47B7}.Release|Any CPU.Build.0 = Release|Any CPU
	EndGlobalSection
	GlobalSection(SolutionProperties) = preSolution
		HideSolutionNode = FALSE
	EndGlobalSection
	GlobalSection(ExtensibilityGlobals) = postSolution
		SolutionGuid = {B1A906C5-F358-4152-86EF-12EA2505B5AE}
	EndGlobalSection
EndGlobal
